
Microsoft Visual Studio Solution File, Format Version 12.00
# Visual Studio 2013
Project("{FAE04EC0-301F-11D3-BF4B-00C04F79EFBC}") = "UnityVS.SharkGameUnity.CSharp", "UnityVS.SharkGameUnity.CSharp.csproj", "{06F070F4-3273-5640-D276-5E1E4E2D82FC}"
EndProject
Global
	GlobalSection(SolutionConfigurationPlatforms) = preSolution
		Debug|Any CPU = Debug|Any CPU
		Release|Any CPU = Release|Any CPU
	EndGlobalSection
	GlobalSection(ProjectConfigurationPlatforms) = postSolution
		{06F070F4-3273-5640-D276-5E1E4E2D82FC}.Debug|Any CPU.ActiveCfg = Debug|Any CPU
		{06F070F4-3273-5640-D276-5E1E4E2D82FC}.Debug|Any CPU.Build.0 = Debug|Any CPU
		{06F070F4-3273-5640-D276-5E1E4E2D82FC}.Release|Any CPU.ActiveCfg = Release|Any CPU
		{06F070F4-3273-5640-D276-5E1E4E2D82FC}.Release|Any CPU.Build.0 = Release|Any CPU
	EndGlobalSection
	GlobalSection(SolutionProperties) = preSolution
		HideSolutionNode = FALSE
	EndGlobalSection
EndGlobal
