Microsoft Visual Studio Solution File, Format Version 11.00
# Visual Studio 2008

Project("{CEB4A950-FC0F-61FB-F7D1-F733EF83D0F6}") = "NPCMovement", "Assembly-CSharp-firstpass.csproj", "{731C711D-525D-49FE-1C10-9238A46C9409}"
EndProject
Project("{CEB4A950-FC0F-61FB-F7D1-F733EF83D0F6}") = "NPCMovement", "Assembly-CSharp.csproj", "{4B4AB8B5-F47D-C8EE-8CDC-45C77ED02BA7}"
EndProject
Project("{CEB4A950-FC0F-61FB-F7D1-F733EF83D0F6}") = "NPCMovement", "Assembly-CSharp-Editor.csproj", "{907BC9EF-2E1A-58E1-FA1C-B6C77A20EFE3}"
EndProject
Global
	GlobalSection(SolutionConfigurationPlatforms) = preSolution
		Debug|Any CPU = Debug|Any CPU
		Release|Any CPU = Release|Any CPU
	EndGlobalSection
	GlobalSection(ProjectConfigurationPlatforms) = postSolution
		{731C711D-525D-49FE-1C10-9238A46C9409}.Debug|Any CPU.ActiveCfg = Debug|Any CPU
		{731C711D-525D-49FE-1C10-9238A46C9409}.Debug|Any CPU.Build.0 = Debug|Any CPU
		{731C711D-525D-49FE-1C10-9238A46C9409}.Release|Any CPU.ActiveCfg = Release|Any CPU
		{731C711D-525D-49FE-1C10-9238A46C9409}.Release|Any CPU.Build.0 = Release|Any CPU
		{4B4AB8B5-F47D-C8EE-8CDC-45C77ED02BA7}.Debug|Any CPU.ActiveCfg = Debug|Any CPU
		{4B4AB8B5-F47D-C8EE-8CDC-45C77ED02BA7}.Debug|Any CPU.Build.0 = Debug|Any CPU
		{4B4AB8B5-F47D-C8EE-8CDC-45C77ED02BA7}.Release|Any CPU.ActiveCfg = Release|Any CPU
		{4B4AB8B5-F47D-C8EE-8CDC-45C77ED02BA7}.Release|Any CPU.Build.0 = Release|Any CPU
		{907BC9EF-2E1A-58E1-FA1C-B6C77A20EFE3}.Debug|Any CPU.ActiveCfg = Debug|Any CPU
		{907BC9EF-2E1A-58E1-FA1C-B6C77A20EFE3}.Debug|Any CPU.Build.0 = Debug|Any CPU
		{907BC9EF-2E1A-58E1-FA1C-B6C77A20EFE3}.Release|Any CPU.ActiveCfg = Release|Any CPU
		{907BC9EF-2E1A-58E1-FA1C-B6C77A20EFE3}.Release|Any CPU.Build.0 = Release|Any CPU
	EndGlobalSection
	GlobalSection(SolutionProperties) = preSolution
		HideSolutionNode = FALSE
	EndGlobalSection
																												GlobalSection(MonoDevelopProperties) = preSolution
		StartupItem = Assembly-CSharp.csproj
		Policies = $0
		$0.TextStylePolicy = $1
		$1.inheritsSet = null
		$1.scope = text/x-csharp
		$0.CSharpFormattingPolicy = $2
		$2.inheritsSet = Mono
		$2.inheritsScope = text/x-csharp
		$2.scope = text/x-csharp
		$0.TextStylePolicy = $3
		$3.FileWidth = 120
		$3.TabWidth = 4
		$3.IndentWidth = 4
		$3.EolMarker = Unix
		$3.inheritsSet = Mono
		$3.inheritsScope = text/plain
		$3.scope = text/plain
	EndGlobalSection

EndGlobal
