
Microsoft Visual Studio Solution File, Format Version 12.00
# Visual Studio 2013
Project("{FAE04EC0-301F-11D3-BF4B-00C04F79EFBC}") = "UnityVS.PuzzleGame.CSharp", "UnityVS.PuzzleGame.CSharp.csproj", "{790362A6-73BF-290A-F7B3-E995AC3D7116}"
EndProject
Project("{FAE04EC0-301F-11D3-BF4B-00C04F79EFBC}") = "UnityVS.PuzzleGame.CSharp.Plugins", "UnityVS.PuzzleGame.CSharp.Plugins.csproj", "{D842C55D-8B98-9BA8-AA0A-9254C2D8EB90}"
EndProject
Global
	GlobalSection(SolutionConfigurationPlatforms) = preSolution
		Debug|Any CPU = Debug|Any CPU
		Release|Any CPU = Release|Any CPU
	EndGlobalSection
	GlobalSection(ProjectConfigurationPlatforms) = postSolution
		{790362A6-73BF-290A-F7B3-E995AC3D7116}.Debug|Any CPU.ActiveCfg = Debug|Any CPU
		{790362A6-73BF-290A-F7B3-E995AC3D7116}.Debug|Any CPU.Build.0 = Debug|Any CPU
		{790362A6-73BF-290A-F7B3-E995AC3D7116}.Release|Any CPU.ActiveCfg = Release|Any CPU
		{790362A6-73BF-290A-F7B3-E995AC3D7116}.Release|Any CPU.Build.0 = Release|Any CPU
		{D842C55D-8B98-9BA8-AA0A-9254C2D8EB90}.Debug|Any CPU.ActiveCfg = Debug|Any CPU
		{D842C55D-8B98-9BA8-AA0A-9254C2D8EB90}.Debug|Any CPU.Build.0 = Debug|Any CPU
		{D842C55D-8B98-9BA8-AA0A-9254C2D8EB90}.Release|Any CPU.ActiveCfg = Release|Any CPU
		{D842C55D-8B98-9BA8-AA0A-9254C2D8EB90}.Release|Any CPU.Build.0 = Release|Any CPU
	EndGlobalSection
	GlobalSection(SolutionProperties) = preSolution
		HideSolutionNode = FALSE
	EndGlobalSection
EndGlobal
